
Microsoft Visual Studio Solution File, Format Version 12.00
# Visual Studio Version 17
VisualStudioVersion = 17.14.36408.4
MinimumVisualStudioVersion = 10.0.40219.1
Project("{FAE04EC0-301F-11D3-BF4B-00C04F79EFBC}") = "DepVis.Processing", "DepVis.Processing\DepVis.Processing.csproj", "{113DABA1-C747-47A5-8ACF-671BFFDB924B}"
EndProject
Project("{FAE04EC0-301F-11D3-BF4B-00C04F79EFBC}") = "DepVis.Core", "DepVis.Core\DepVis.Core.csproj", "{1FA7666E-B594-289B-03C9-E130F8428F64}"
EndProject
Project("{FAE04EC0-301F-11D3-BF4B-00C04F79EFBC}") = "DepVis.Shared", "DepVis.Shared\DepVis.Shared.csproj", "{8454A58C-3D0E-590C-BA7C-4FDFC3B3B800}"
EndProject
Project("{2150E333-8FDC-42A3-9474-1A3956D46DE8}") = "Shared", "Shared", "{02EA681E-C7D8-13C7-8484-4AC65E1B71E8}"
EndProject
Project("{FAE04EC0-301F-11D3-BF4B-00C04F79EFBC}") = "DepVis.ServiceDefaults", "DepVis.ServiceDefaults\DepVis.ServiceDefaults.csproj", "{0C45FA57-CF4E-4774-AD18-336B4A7F729B}"
EndProject
Global
	GlobalSection(SolutionConfigurationPlatforms) = preSolution
		Debug|Any CPU = Debug|Any CPU
		Release|Any CPU = Release|Any CPU
	EndGlobalSection
	GlobalSection(ProjectConfigurationPlatforms) = postSolution
		{113DABA1-C747-47A5-8ACF-671BFFDB924B}.Debug|Any CPU.ActiveCfg = Debug|Any CPU
		{113DABA1-C747-47A5-8ACF-671BFFDB924B}.Debug|Any CPU.Build.0 = Debug|Any CPU
		{113DABA1-C747-47A5-8ACF-671BFFDB924B}.Release|Any CPU.ActiveCfg = Release|Any CPU
		{113DABA1-C747-47A5-8ACF-671BFFDB924B}.Release|Any CPU.Build.0 = Release|Any CPU
		{1FA7666E-B594-289B-03C9-E130F8428F64}.Debug|Any CPU.ActiveCfg = Debug|Any CPU
		{1FA7666E-B594-289B-03C9-E130F8428F64}.Debug|Any CPU.Build.0 = Debug|Any CPU
		{1FA7666E-B594-289B-03C9-E130F8428F64}.Release|Any CPU.ActiveCfg = Release|Any CPU
		{1FA7666E-B594-289B-03C9-E130F8428F64}.Release|Any CPU.Build.0 = Release|Any CPU
		{8454A58C-3D0E-590C-BA7C-4FDFC3B3B800}.Debug|Any CPU.ActiveCfg = Debug|Any CPU
		{8454A58C-3D0E-590C-BA7C-4FDFC3B3B800}.Debug|Any CPU.Build.0 = Debug|Any CPU
		{8454A58C-3D0E-590C-BA7C-4FDFC3B3B800}.Release|Any CPU.ActiveCfg = Release|Any CPU
		{8454A58C-3D0E-590C-BA7C-4FDFC3B3B800}.Release|Any CPU.Build.0 = Release|Any CPU
		{0C45FA57-CF4E-4774-AD18-336B4A7F729B}.Debug|Any CPU.ActiveCfg = Debug|Any CPU
		{0C45FA57-CF4E-4774-AD18-336B4A7F729B}.Debug|Any CPU.Build.0 = Debug|Any CPU
		{0C45FA57-CF4E-4774-AD18-336B4A7F729B}.Release|Any CPU.ActiveCfg = Release|Any CPU
		{0C45FA57-CF4E-4774-AD18-336B4A7F729B}.Release|Any CPU.Build.0 = Release|Any CPU
	EndGlobalSection
	GlobalSection(SolutionProperties) = preSolution
		HideSolutionNode = FALSE
	EndGlobalSection
	GlobalSection(NestedProjects) = preSolution
		{8454A58C-3D0E-590C-BA7C-4FDFC3B3B800} = {02EA681E-C7D8-13C7-8484-4AC65E1B71E8}
		{0C45FA57-CF4E-4774-AD18-336B4A7F729B} = {02EA681E-C7D8-13C7-8484-4AC65E1B71E8}
	EndGlobalSection
	GlobalSection(ExtensibilityGlobals) = postSolution
		SolutionGuid = {7ADA3CB5-B433-4A5B-AE26-8996BB2EA69E}
	EndGlobalSection
EndGlobal
